<?xml version="1.0" encoding="utf-8"?>
<Project ToolsVersion="4.0" xmlns="http://schemas.microsoft.com/developer/msbuild/2003">
  <ItemGroup>
    <Filter Include="Resource Files">
      <UniqueIdentifier>{67DA6AB6-F800-4c08-8B7A-83BB121AAD01}</UniqueIdentifier>
      <Extensions>rc;ico;cur;bmp;dlg;rc2;rct;bin;rgs;gif;jpg;jpeg;jpe;resx;tiff;tif;png;wav;mfcribbon-ms</Extensions>
    </Filter>
    <Filter Include="Engine">
      <UniqueIdentifier>{93995380-89BD-4b04-88EB-625FBE52EBFB}</UniqueIdentifier>
      <Extensions>h;hh;hpp;hxx;h++;hm;inl;inc;ipp;xsd</Extensions>
    </Filter>
    <Filter Include="Engine\App">
      <UniqueIdentifier>{bb642079-5c3d-47b8-9e61-d82783af799a}</UniqueIdentifier>
    </Filter>
    <Filter Include="Engine\Exceptions">
      <UniqueIdentifier>{01d64eb1-7d4d-4787-a5e5-007e12dfd568}</UniqueIdentifier>
    </Filter>
    <Filter Include="Engine\Managers">
      <UniqueIdentifier>{96c973c9-427a-4cbe-ab05-98a20a20910b}</UniqueIdentifier>
    </Filter>
    <Filter Include="Engine\Managers\InputManager">
      <UniqueIdentifier>{5b19ebdd-bf51-4245-92ec-da2b5a590a21}</UniqueIdentifier>
    </Filter>
    <Filter Include="Engine\Managers\TextureManager">
      <UniqueIdentifier>{f80a89d1-63dc-42d3-a8e5-a4e03f7a8a33}</UniqueIdentifier>
    </Filter>
    <Filter Include="Engine\Managers\PrinterManager">
      <UniqueIdentifier>{62783429-e0b0-45b9-a454-49f8a4e4ebdb}</UniqueIdentifier>
    </Filter>
    <Filter Include="Engine\Math">
      <UniqueIdentifier>{dfcbf49c-03f8-49dc-8e5f-9ec5ca648bfb}</UniqueIdentifier>
    </Filter>
    <Filter Include="Engine\Camera">
      <UniqueIdentifier>{46380302-f99d-49c9-8e3a-46a06f5db3f7}</UniqueIdentifier>
    </Filter>
    <Filter Include="Engine\Camera\Ortographic Camera">
      <UniqueIdentifier>{63e7ca23-b6fa-4f7f-98a6-324c1f26608a}</UniqueIdentifier>
    </Filter>
    <Filter Include="Engine\Utilities">
      <UniqueIdentifier>{1bf60374-4386-459c-a1d9-810de5439d62}</UniqueIdentifier>
    </Filter>
    <Filter Include="Engine\Timer">
      <UniqueIdentifier>{7134e41f-659b-4d08-a020-7ce0d4b144de}</UniqueIdentifier>
    </Filter>
    <Filter Include="Engine\Texture">
      <UniqueIdentifier>{bbea522f-fa4e-44d3-bad2-ba0246cdf7e6}</UniqueIdentifier>
    </Filter>
    <Filter Include="Engine\Components">
      <UniqueIdentifier>{f665b6c5-199e-4856-855a-74ae8953ed51}</UniqueIdentifier>
    </Filter>
    <Filter Include="Engine\Components\Component">
      <UniqueIdentifier>{626e0259-9363-4969-9290-11b8b35a4153}</UniqueIdentifier>
    </Filter>
    <Filter Include="Engine\Components\TextComponent">
      <UniqueIdentifier>{feaefe3c-e772-46a8-81d2-2d006b668e05}</UniqueIdentifier>
    </Filter>
    <Filter Include="Engine\Components\TextComponent\Printer">
      <UniqueIdentifier>{8fb8a57c-17aa-41b1-a1b2-ede8581757d1}</UniqueIdentifier>
    </Filter>
    <Filter Include="Engine\Components\TransformComponent">
      <UniqueIdentifier>{060d5f29-adcb-4216-a4de-14539dc72d2c}</UniqueIdentifier>
    </Filter>
    <Filter Include="Engine\Components\TextureComponent">
      <UniqueIdentifier>{ad1c1c1b-c3fc-43c8-a85d-2b4507d45f40}</UniqueIdentifier>
    </Filter>
    <Filter Include="Engine\Components\FPSComponent">
      <UniqueIdentifier>{ca95a5fd-9d8f-4535-8169-de93e82d7036}</UniqueIdentifier>
    </Filter>
    <Filter Include="Engine\Logger">
      <UniqueIdentifier>{ce24a8db-96b5-4be2-b4f0-ce2ccce49d0f}</UniqueIdentifier>
    </Filter>
    <Filter Include="Engine\GameObject">
      <UniqueIdentifier>{f0c763d4-5487-4b7d-a2dc-2bd08e0147f8}</UniqueIdentifier>
    </Filter>
    <Filter Include="Engine\Singleton">
      <UniqueIdentifier>{6e908afa-26c4-47f3-a0b4-feb256bd994e}</UniqueIdentifier>
    </Filter>
    <Filter Include="Engine\PossibleInputs">
      <UniqueIdentifier>{ce408f37-0268-477d-a252-ea36c43bc673}</UniqueIdentifier>
    </Filter>
    <Filter Include="Engine\ImGui">
      <UniqueIdentifier>{f1afba84-eddb-4304-9f68-b8ae79755c45}</UniqueIdentifier>
    </Filter>
    <Filter Include="Engine\GameController">
      <UniqueIdentifier>{986a990f-de91-4311-9196-7ce84168a7ef}</UniqueIdentifier>
    </Filter>
    <Filter Include="Engine\GameInput">
      <UniqueIdentifier>{fb7edb13-6810-4170-a0bf-4a3003aaf1a8}</UniqueIdentifier>
    </Filter>
    <Filter Include="Engine\Mouse">
      <UniqueIdentifier>{dc34fe7a-86f8-47e3-a0b0-30c8ef9590f8}</UniqueIdentifier>
    </Filter>
    <Filter Include="Engine\Observer">
      <UniqueIdentifier>{9081933a-cff0-48b2-8395-c88ae1aa48d2}</UniqueIdentifier>
    </Filter>
    <Filter Include="Engine\Subject">
      <UniqueIdentifier>{ee02623b-b158-4c83-9720-661085125f95}</UniqueIdentifier>
    </Filter>
    <Filter Include="Engine\Keyboard">
      <UniqueIdentifier>{2e04a266-46a7-4b85-8f5f-45c791b403d7}</UniqueIdentifier>
    </Filter>
    <Filter Include="Engine\RapidJSON">
      <UniqueIdentifier>{a8938304-d79f-4af8-8520-66af12bbee40}</UniqueIdentifier>
    </Filter>
    <Filter Include="Engine\Audio">
      <UniqueIdentifier>{384d9f7e-ca8e-480d-9cb1-ca68f9a164b6}</UniqueIdentifier>
    </Filter>
    <Filter Include="Engine\Audio\AudioSystem">
      <UniqueIdentifier>{e11d2b97-d73f-4b7a-b4fd-e4a0f2fefb21}</UniqueIdentifier>
    </Filter>
    <Filter Include="Engine\EventQueue">
      <UniqueIdentifier>{54bb65d2-2210-4cfa-a334-04ad626ccfa2}</UniqueIdentifier>
    </Filter>
    <Filter Include="Engine\EventQueue\Event">
      <UniqueIdentifier>{3ddb56e3-0cca-4030-9d72-226f5b659df9}</UniqueIdentifier>
    </Filter>
    <Filter Include="Engine\Listener">
      <UniqueIdentifier>{d4e36f02-90f4-417b-9b32-4000fc86079d}</UniqueIdentifier>
    </Filter>
    <Filter Include="Engine\Audio\SDLAudioSystem">
      <UniqueIdentifier>{98e2db59-5227-4adf-a2d7-02d3d6d32d20}</UniqueIdentifier>
    </Filter>
    <Filter Include="Engine\Audio\LoggedAudioSystem">
      <UniqueIdentifier>{c4d3f235-4da1-4cea-b204-984c573b4443}</UniqueIdentifier>
    </Filter>
    <Filter Include="Engine\Managers\ThreadManager">
      <UniqueIdentifier>{9ea87432-0494-4938-b0fb-a9887ff7d56d}</UniqueIdentifier>
    </Filter>
    <Filter Include="Engine\AudioLocator">
      <UniqueIdentifier>{4cd1959a-5443-466a-9a5d-097f3f5f356d}</UniqueIdentifier>
    </Filter>
    <Filter Include="Engine\AudioLocator\NullAudioSystem">
      <UniqueIdentifier>{42cbc4a6-4629-4e7b-bb9d-de860a48aff2}</UniqueIdentifier>
    </Filter>
    <Filter Include="Engine\App\GameObjectInformation">
      <UniqueIdentifier>{1406a996-7587-4856-9984-231ca09a65c0}</UniqueIdentifier>
    </Filter>
    <Filter Include="Engine\Components\TransformComponent\Shape">
      <UniqueIdentifier>{5f690708-5b08-443a-aa68-d887b603039e}</UniqueIdentifier>
    </Filter>
  </ItemGroup>
  <ItemGroup>
    <ClCompile Include="InputManager.cpp">
      <Filter>Engine\Managers\InputManager</Filter>
    </ClCompile>
    <ClCompile Include="App.cpp">
      <Filter>Engine\App</Filter>
    </ClCompile>
    <ClCompile Include="OrthographicCamera.cpp">
      <Filter>Engine\Camera\Ortographic Camera</Filter>
    </ClCompile>
    <ClCompile Include="TextureManager.cpp">
      <Filter>Engine\Managers\TextureManager</Filter>
    </ClCompile>
    <ClCompile Include="MathFunctions.cpp">
      <Filter>Engine\Math</Filter>
    </ClCompile>
    <ClCompile Include="Utility Functions.cpp">
      <Filter>Engine\Utilities</Filter>
    </ClCompile>
    <ClCompile Include="Texture.cpp">
      <Filter>Engine\Texture</Filter>
    </ClCompile>
    <ClCompile Include="Timer.cpp">
      <Filter>Engine\Timer</Filter>
    </ClCompile>
    <ClCompile Include="main.cpp">
      <Filter>Engine</Filter>
    </ClCompile>
    <ClCompile Include="IntegrianPCH.cpp">
      <Filter>Engine</Filter>
    </ClCompile>
    <ClCompile Include="Component.cpp">
      <Filter>Engine\Components\Component</Filter>
    </ClCompile>
    <ClCompile Include="TextComponent.cpp">
      <Filter>Engine\Components\TextComponent</Filter>
    </ClCompile>
    <ClCompile Include="Printer.cpp">
      <Filter>Engine\Components\TextComponent\Printer</Filter>
    </ClCompile>
    <ClCompile Include="Logger.cpp">
      <Filter>Engine\Logger</Filter>
    </ClCompile>
    <ClCompile Include="GameObject.cpp">
      <Filter>Engine\GameObject</Filter>
    </ClCompile>
    <ClCompile Include="TransformComponent.cpp">
      <Filter>Engine\Components\TransformComponent</Filter>
    </ClCompile>
    <ClCompile Include="TextureComponent.cpp">
      <Filter>Engine\Components\TextureComponent</Filter>
    </ClCompile>
    <ClCompile Include="PrinterManager.cpp">
      <Filter>Engine\Managers\PrinterManager</Filter>
    </ClCompile>
    <ClCompile Include="FPSComponent.cpp">
      <Filter>Engine\Components\FPSComponent</Filter>
    </ClCompile>
    <ClCompile Include="Libraries\imgui-master\imgui.cpp">
      <Filter>Engine\ImGui</Filter>
    </ClCompile>
    <ClCompile Include="Libraries\imgui-master\imgui_demo.cpp">
      <Filter>Engine\ImGui</Filter>
    </ClCompile>
    <ClCompile Include="Libraries\imgui-master\imgui_draw.cpp">
      <Filter>Engine\ImGui</Filter>
    </ClCompile>
    <ClCompile Include="Libraries\imgui-master\imgui_tables.cpp">
      <Filter>Engine\ImGui</Filter>
    </ClCompile>
    <ClCompile Include="Libraries\imgui-master\imgui_widgets.cpp">
      <Filter>Engine\ImGui</Filter>
    </ClCompile>
    <ClCompile Include="Libraries\imgui-master\backends\imgui_impl_opengl2.cpp">
      <Filter>Engine\ImGui</Filter>
    </ClCompile>
    <ClCompile Include="Libraries\imgui-master\backends\imgui_impl_sdl.cpp">
      <Filter>Engine\ImGui</Filter>
    </ClCompile>
    <ClCompile Include="GameController.cpp">
      <Filter>Engine\GameController</Filter>
    </ClCompile>
    <ClCompile Include="Keyboard.cpp">
      <Filter>Engine\Keyboard</Filter>
    </ClCompile>
    <ClCompile Include="Mouse.cpp">
      <Filter>Engine\Mouse</Filter>
    </ClCompile>
    <ClCompile Include="Observer.cpp">
      <Filter>Engine\Observer</Filter>
    </ClCompile>
    <ClCompile Include="Subject.cpp">
      <Filter>Engine\Subject</Filter>
    </ClCompile>
    <ClCompile Include="AudioLocator.cpp">
      <Filter>Engine\AudioLocator</Filter>
    </ClCompile>
    <ClCompile Include="AudioSystem.cpp">
      <Filter>Engine\Audio\AudioSystem</Filter>
    </ClCompile>
    <ClCompile Include="SDLAudioSystem.cpp">
      <Filter>Engine\Audio\SDLAudioSystem</Filter>
    </ClCompile>
    <ClCompile Include="EventQueue.cpp">
      <Filter>Engine\EventQueue</Filter>
    </ClCompile>
    <ClCompile Include="Event.cpp">
      <Filter>Engine\EventQueue\Event</Filter>
    </ClCompile>
    <ClCompile Include="LoggedAudioSystem.cpp">
      <Filter>Engine\Audio\LoggedAudioSystem</Filter>
    </ClCompile>
    <ClCompile Include="ThreadManager.cpp">
      <Filter>Engine\Managers\ThreadManager</Filter>
    </ClCompile>
    <ClCompile Include="App_Selector.cpp">
      <Filter>Engine</Filter>
    </ClCompile>
    <ClCompile Include="GameObjectInformation.cpp">
      <Filter>Engine\App\GameObjectInformation</Filter>
    </ClCompile>
    <ClCompile Include="Shape.cpp">
      <Filter>Engine\Components\TransformComponent\Shape</Filter>
    </ClCompile>
  </ItemGroup>
  <ItemGroup>
    <ClInclude Include="IntegrianPCH.h">
      <Filter>Engine</Filter>
    </ClInclude>
    <ClInclude Include="App.h">
      <Filter>Engine\App</Filter>
    </ClInclude>
    <ClInclude Include="ExceptionHandler.h">
      <Filter>Engine\Exceptions</Filter>
    </ClInclude>
    <ClInclude Include="InitialisationFailed.h">
      <Filter>Engine\Exceptions</Filter>
    </ClInclude>
    <ClInclude Include="InputManager.h">
      <Filter>Engine\Managers\InputManager</Filter>
    </ClInclude>
    <ClInclude Include="CameraInitialisationFailed.h">
      <Filter>Engine\Exceptions</Filter>
    </ClInclude>
    <ClInclude Include="MathFunctions.h">
      <Filter>Engine\Math</Filter>
    </ClInclude>
    <ClInclude Include="OrthographicCamera.h">
      <Filter>Engine\Camera\Ortographic Camera</Filter>
    </ClInclude>
    <ClInclude Include="Point.h">
      <Filter>Engine\Math</Filter>
    </ClInclude>
    <ClInclude Include="Point2f.h">
      <Filter>Engine\Math</Filter>
    </ClInclude>
    <ClInclude Include="Structs.h">
      <Filter>Engine\Math</Filter>
    </ClInclude>
    <ClInclude Include="TypeDefines.h">
      <Filter>Engine\Math</Filter>
    </ClInclude>
    <ClInclude Include="Vector2f.h">
      <Filter>Engine\Math</Filter>
    </ClInclude>
    <ClInclude Include="Vector.h">
      <Filter>Engine\Math</Filter>
    </ClInclude>
    <ClInclude Include="Utility Functions.h">
      <Filter>Engine\Utilities</Filter>
    </ClInclude>
    <ClInclude Include="Timer.h">
      <Filter>Engine\Timer</Filter>
    </ClInclude>
    <ClInclude Include="Texture.h">
      <Filter>Engine\Texture</Filter>
    </ClInclude>
    <ClInclude Include="RuntimeInitFailed.h">
      <Filter>Engine\Exceptions</Filter>
    </ClInclude>
    <ClInclude Include="TextureManager.h">
      <Filter>Engine\Managers\TextureManager</Filter>
    </ClInclude>
    <ClInclude Include="App_Selector.h">
      <Filter>Engine</Filter>
    </ClInclude>
    <ClInclude Include="Component.h">
      <Filter>Engine\Components\Component</Filter>
    </ClInclude>
    <ClInclude Include="TextComponent.h">
      <Filter>Engine\Components\TextComponent</Filter>
    </ClInclude>
    <ClInclude Include="Logger.h">
      <Filter>Engine\Logger</Filter>
    </ClInclude>
    <ClInclude Include="GameObject.h">
      <Filter>Engine\GameObject</Filter>
    </ClInclude>
    <ClInclude Include="TransformComponent.h">
      <Filter>Engine\Components\TransformComponent</Filter>
    </ClInclude>
    <ClInclude Include="Singleton.h">
      <Filter>Engine\Singleton</Filter>
    </ClInclude>
    <ClInclude Include="TextureComponent.h">
      <Filter>Engine\Components\TextureComponent</Filter>
    </ClInclude>
    <ClInclude Include="PossibleCharacters.h">
      <Filter>Engine\Components\TextComponent\Printer</Filter>
    </ClInclude>
    <ClInclude Include="Printer.h">
      <Filter>Engine\Components\TextComponent\Printer</Filter>
    </ClInclude>
    <ClInclude Include="PrinterManager.h">
      <Filter>Engine\Managers\PrinterManager</Filter>
    </ClInclude>
    <ClInclude Include="FPSComponent.h">
      <Filter>Engine\Components\FPSComponent</Filter>
    </ClInclude>
    <ClInclude Include="PossibleInputs.h">
      <Filter>Engine\PossibleInputs</Filter>
    </ClInclude>
    <ClInclude Include="Libraries\imgui-master\imconfig.h">
      <Filter>Engine\ImGui</Filter>
    </ClInclude>
    <ClInclude Include="Libraries\imgui-master\imgui.h">
      <Filter>Engine\ImGui</Filter>
    </ClInclude>
    <ClInclude Include="Libraries\imgui-master\imgui_internal.h">
      <Filter>Engine\ImGui</Filter>
    </ClInclude>
    <ClInclude Include="Libraries\imgui-master\imstb_rectpack.h">
      <Filter>Engine\ImGui</Filter>
    </ClInclude>
    <ClInclude Include="Libraries\imgui-master\imstb_textedit.h">
      <Filter>Engine\ImGui</Filter>
    </ClInclude>
    <ClInclude Include="Libraries\imgui-master\imstb_truetype.h">
      <Filter>Engine\ImGui</Filter>
    </ClInclude>
    <ClInclude Include="Libraries\imgui-master\backends\imgui_impl_opengl2.h">
      <Filter>Engine\ImGui</Filter>
    </ClInclude>
    <ClInclude Include="Libraries\imgui-master\backends\imgui_impl_sdl.h">
      <Filter>Engine\ImGui</Filter>
    </ClInclude>
    <ClInclude Include="GameController.h">
      <Filter>Engine\GameController</Filter>
    </ClInclude>
    <ClInclude Include="GameInput.h">
      <Filter>Engine\GameInput</Filter>
    </ClInclude>
    <ClInclude Include="Keyboard.h">
      <Filter>Engine\Keyboard</Filter>
    </ClInclude>
    <ClInclude Include="Mouse.h">
      <Filter>Engine\Mouse</Filter>
    </ClInclude>
    <ClInclude Include="Observer.h">
      <Filter>Engine\Observer</Filter>
    </ClInclude>
    <ClInclude Include="Subject.h">
      <Filter>Engine\Subject</Filter>
    </ClInclude>
    <ClInclude Include="allocators.h">
      <Filter>Engine\RapidJSON</Filter>
    </ClInclude>
    <ClInclude Include="cursorstreamwrapper.h">
      <Filter>Engine\RapidJSON</Filter>
    </ClInclude>
    <ClInclude Include="document.h">
      <Filter>Engine\RapidJSON</Filter>
    </ClInclude>
    <ClInclude Include="encodedstream.h">
      <Filter>Engine\RapidJSON</Filter>
    </ClInclude>
    <ClInclude Include="encodings.h">
      <Filter>Engine\RapidJSON</Filter>
    </ClInclude>
    <ClInclude Include="filereadstream.h">
      <Filter>Engine\RapidJSON</Filter>
    </ClInclude>
    <ClInclude Include="filewritestream.h">
      <Filter>Engine\RapidJSON</Filter>
    </ClInclude>
    <ClInclude Include="fwd.h">
      <Filter>Engine\RapidJSON</Filter>
    </ClInclude>
    <ClInclude Include="istreamwrapper.h">
      <Filter>Engine\RapidJSON</Filter>
    </ClInclude>
    <ClInclude Include="memorybuffer.h">
      <Filter>Engine\RapidJSON</Filter>
    </ClInclude>
    <ClInclude Include="memorystream.h">
      <Filter>Engine\RapidJSON</Filter>
    </ClInclude>
    <ClInclude Include="ostreamwrapper.h">
      <Filter>Engine\RapidJSON</Filter>
    </ClInclude>
    <ClInclude Include="pointer.h">
      <Filter>Engine\RapidJSON</Filter>
    </ClInclude>
    <ClInclude Include="prettywriter.h">
      <Filter>Engine\RapidJSON</Filter>
    </ClInclude>
    <ClInclude Include="rapidjson.h">
      <Filter>Engine\RapidJSON</Filter>
    </ClInclude>
    <ClInclude Include="reader.h">
      <Filter>Engine\RapidJSON</Filter>
    </ClInclude>
    <ClInclude Include="schema.h">
      <Filter>Engine\RapidJSON</Filter>
    </ClInclude>
    <ClInclude Include="stream.h">
      <Filter>Engine\RapidJSON</Filter>
    </ClInclude>
    <ClInclude Include="stringbuffer.h">
      <Filter>Engine\RapidJSON</Filter>
    </ClInclude>
    <ClInclude Include="writer.h">
      <Filter>Engine\RapidJSON</Filter>
    </ClInclude>
    <ClInclude Include="StaticInstanceAlreadyCreated.h">
      <Filter>Engine\Exceptions</Filter>
    </ClInclude>
    <ClInclude Include="AudioLocator.h">
      <Filter>Engine\AudioLocator</Filter>
    </ClInclude>
    <ClInclude Include="AudioSystem.h">
      <Filter>Engine\Audio\AudioSystem</Filter>
    </ClInclude>
    <ClInclude Include="SDLAudioSystem.h">
      <Filter>Engine\Audio\SDLAudioSystem</Filter>
    </ClInclude>
    <ClInclude Include="NullAudioSystem.h">
      <Filter>Engine\AudioLocator\NullAudioSystem</Filter>
    </ClInclude>
    <ClInclude Include="EventQueue.h">
      <Filter>Engine\EventQueue</Filter>
    </ClInclude>
    <ClInclude Include="Event.h">
      <Filter>Engine\EventQueue\Event</Filter>
    </ClInclude>
    <ClInclude Include="ListenerInterface.h">
      <Filter>Engine\Listener</Filter>
    </ClInclude>
    <ClInclude Include="VisualBenchmark.h">
      <Filter>Engine</Filter>
    </ClInclude>
    <ClInclude Include="LoggedAudioSystem.h">
      <Filter>Engine\Audio\LoggedAudioSystem</Filter>
    </ClInclude>
    <ClInclude Include="ThreadManager.h">
      <Filter>Engine\Managers\ThreadManager</Filter>
    </ClInclude>
    <ClInclude Include="MagnitudeZeroException.h">
      <Filter>Engine\Exceptions</Filter>
    </ClInclude>
    <ClInclude Include="GameObjectInformation.h">
      <Filter>Engine\App\GameObjectInformation</Filter>
    </ClInclude>
    <ClInclude Include="Shape.h">
      <Filter>Engine\Components\TransformComponent\Shape</Filter>
    </ClInclude>
    <ClInclude Include="Matrix.h">
      <Filter>Engine\Math</Filter>
    </ClInclude>
    <ClInclude Include="Matrix2x2.h">
      <Filter>Engine\Math</Filter>
    </ClInclude>
    <ClInclude Include="MatrixDivisionNotPossibleException.h">
      <Filter>Engine\Exceptions</Filter>
    </ClInclude>
    <ClInclude Include="Matrix3x3.h">
      <Filter>Engine\Math</Filter>
    </ClInclude>
  </ItemGroup>
</Project>