
Microsoft Visual Studio Solution File, Format Version 12.00
# Visual Studio Version 16
VisualStudioVersion = 16.0.31005.135
MinimumVisualStudioVersion = 10.0.40219.1
Project("{8BC9CEB8-8B4A-11D0-8D11-00A0C91BC942}") = "Integrian", "Integrian.vcxproj", "{B9D76A9B-2129-4310-A75E-62E7E8C8E21E}"
EndProject
Project("{8BC9CEB8-8B4A-11D0-8D11-00A0C91BC942}") = "Qbert", "..\Qbert\Qbert.vcxproj", "{75B0CFF6-6805-4E74-A31B-545EB2B5654A}"
	ProjectSection(ProjectDependencies) = postProject
		{B9D76A9B-2129-4310-A75E-62E7E8C8E21E} = {B9D76A9B-2129-4310-A75E-62E7E8C8E21E}
	EndProjectSection
EndProject
Project("{8BC9CEB8-8B4A-11D0-8D11-00A0C91BC942}") = "TestSolution", "..\TestSolution\TestSolution.vcxproj", "{CF0F4646-929E-4CC6-822A-C77BC65ADFD0}"
	ProjectSection(ProjectDependencies) = postProject
		{B9D76A9B-2129-4310-A75E-62E7E8C8E21E} = {B9D76A9B-2129-4310-A75E-62E7E8C8E21E}
	EndProjectSection
EndProject
Global
	GlobalSection(SolutionConfigurationPlatforms) = preSolution
		Debug|x64 = Debug|x64
		Debug|x86 = Debug|x86
		DebugDLL|x64 = DebugDLL|x64
		DebugDLL|x86 = DebugDLL|x86
		Release|x64 = Release|x64
		Release|x86 = Release|x86
		ReleaseDLL|x64 = ReleaseDLL|x64
		ReleaseDLL|x86 = ReleaseDLL|x86
	EndGlobalSection
	GlobalSection(ProjectConfigurationPlatforms) = postSolution
		{B9D76A9B-2129-4310-A75E-62E7E8C8E21E}.Debug|x64.ActiveCfg = Debug|x64
		{B9D76A9B-2129-4310-A75E-62E7E8C8E21E}.Debug|x64.Build.0 = Debug|x64
		{B9D76A9B-2129-4310-A75E-62E7E8C8E21E}.Debug|x86.ActiveCfg = Debug|Win32
		{B9D76A9B-2129-4310-A75E-62E7E8C8E21E}.Debug|x86.Build.0 = Debug|Win32
		{B9D76A9B-2129-4310-A75E-62E7E8C8E21E}.DebugDLL|x64.ActiveCfg = DebugDLL|x64
		{B9D76A9B-2129-4310-A75E-62E7E8C8E21E}.DebugDLL|x64.Build.0 = DebugDLL|x64
		{B9D76A9B-2129-4310-A75E-62E7E8C8E21E}.DebugDLL|x86.ActiveCfg = DebugDLL|Win32
		{B9D76A9B-2129-4310-A75E-62E7E8C8E21E}.DebugDLL|x86.Build.0 = DebugDLL|Win32
		{B9D76A9B-2129-4310-A75E-62E7E8C8E21E}.Release|x64.ActiveCfg = Release|x64
		{B9D76A9B-2129-4310-A75E-62E7E8C8E21E}.Release|x64.Build.0 = Release|x64
		{B9D76A9B-2129-4310-A75E-62E7E8C8E21E}.Release|x86.ActiveCfg = Release|Win32
		{B9D76A9B-2129-4310-A75E-62E7E8C8E21E}.Release|x86.Build.0 = Release|Win32
		{B9D76A9B-2129-4310-A75E-62E7E8C8E21E}.ReleaseDLL|x64.ActiveCfg = ReleaseDLL|x64
		{B9D76A9B-2129-4310-A75E-62E7E8C8E21E}.ReleaseDLL|x64.Build.0 = ReleaseDLL|x64
		{B9D76A9B-2129-4310-A75E-62E7E8C8E21E}.ReleaseDLL|x86.ActiveCfg = ReleaseDLL|Win32
		{B9D76A9B-2129-4310-A75E-62E7E8C8E21E}.ReleaseDLL|x86.Build.0 = ReleaseDLL|Win32
		{75B0CFF6-6805-4E74-A31B-545EB2B5654A}.Debug|x64.ActiveCfg = Debug|x64
		{75B0CFF6-6805-4E74-A31B-545EB2B5654A}.Debug|x64.Build.0 = Debug|x64
		{75B0CFF6-6805-4E74-A31B-545EB2B5654A}.Debug|x86.ActiveCfg = Debug|Win32
		{75B0CFF6-6805-4E74-A31B-545EB2B5654A}.Debug|x86.Build.0 = Debug|Win32
		{75B0CFF6-6805-4E74-A31B-545EB2B5654A}.DebugDLL|x64.ActiveCfg = DebugDLL|x64
		{75B0CFF6-6805-4E74-A31B-545EB2B5654A}.DebugDLL|x64.Build.0 = DebugDLL|x64
		{75B0CFF6-6805-4E74-A31B-545EB2B5654A}.DebugDLL|x86.ActiveCfg = DebugDLL|Win32
		{75B0CFF6-6805-4E74-A31B-545EB2B5654A}.DebugDLL|x86.Build.0 = DebugDLL|Win32
		{75B0CFF6-6805-4E74-A31B-545EB2B5654A}.Release|x64.ActiveCfg = Release|x64
		{75B0CFF6-6805-4E74-A31B-545EB2B5654A}.Release|x64.Build.0 = Release|x64
		{75B0CFF6-6805-4E74-A31B-545EB2B5654A}.Release|x86.ActiveCfg = Release|Win32
		{75B0CFF6-6805-4E74-A31B-545EB2B5654A}.Release|x86.Build.0 = Release|Win32
		{75B0CFF6-6805-4E74-A31B-545EB2B5654A}.ReleaseDLL|x64.ActiveCfg = ReleaseDLL|x64
		{75B0CFF6-6805-4E74-A31B-545EB2B5654A}.ReleaseDLL|x64.Build.0 = ReleaseDLL|x64
		{75B0CFF6-6805-4E74-A31B-545EB2B5654A}.ReleaseDLL|x86.ActiveCfg = ReleaseDLL|Win32
		{75B0CFF6-6805-4E74-A31B-545EB2B5654A}.ReleaseDLL|x86.Build.0 = ReleaseDLL|Win32
		{CF0F4646-929E-4CC6-822A-C77BC65ADFD0}.Debug|x64.ActiveCfg = Debug|x64
		{CF0F4646-929E-4CC6-822A-C77BC65ADFD0}.Debug|x64.Build.0 = Debug|x64
		{CF0F4646-929E-4CC6-822A-C77BC65ADFD0}.Debug|x86.ActiveCfg = Debug|Win32
		{CF0F4646-929E-4CC6-822A-C77BC65ADFD0}.Debug|x86.Build.0 = Debug|Win32
		{CF0F4646-929E-4CC6-822A-C77BC65ADFD0}.DebugDLL|x64.ActiveCfg = Debug|x64
		{CF0F4646-929E-4CC6-822A-C77BC65ADFD0}.DebugDLL|x64.Build.0 = Debug|x64
		{CF0F4646-929E-4CC6-822A-C77BC65ADFD0}.DebugDLL|x86.ActiveCfg = Debug|Win32
		{CF0F4646-929E-4CC6-822A-C77BC65ADFD0}.DebugDLL|x86.Build.0 = Debug|Win32
		{CF0F4646-929E-4CC6-822A-C77BC65ADFD0}.Release|x64.ActiveCfg = Release|x64
		{CF0F4646-929E-4CC6-822A-C77BC65ADFD0}.Release|x64.Build.0 = Release|x64
		{CF0F4646-929E-4CC6-822A-C77BC65ADFD0}.Release|x86.ActiveCfg = Release|Win32
		{CF0F4646-929E-4CC6-822A-C77BC65ADFD0}.Release|x86.Build.0 = Release|Win32
		{CF0F4646-929E-4CC6-822A-C77BC65ADFD0}.ReleaseDLL|x64.ActiveCfg = Release|x64
		{CF0F4646-929E-4CC6-822A-C77BC65ADFD0}.ReleaseDLL|x64.Build.0 = Release|x64
		{CF0F4646-929E-4CC6-822A-C77BC65ADFD0}.ReleaseDLL|x86.ActiveCfg = Release|Win32
		{CF0F4646-929E-4CC6-822A-C77BC65ADFD0}.ReleaseDLL|x86.Build.0 = Release|Win32
	EndGlobalSection
	GlobalSection(SolutionProperties) = preSolution
		HideSolutionNode = FALSE
	EndGlobalSection
	GlobalSection(ExtensibilityGlobals) = postSolution
		SolutionGuid = {D0EC9E69-ADEA-4912-8A03-DFBBD6F21FC6}
	EndGlobalSection
EndGlobal
