<?xml version="1.0" encoding="utf-8"?>
<Project ToolsVersion="4.0" xmlns="http://schemas.microsoft.com/developer/msbuild/2003">
  <ItemGroup>
    <Filter Include="Source Files">
      <UniqueIdentifier>{4FC737F1-C7A5-4376-A066-2A32D752A2FF}</UniqueIdentifier>
      <Extensions>cpp;c;cc;cxx;c++;cppm;ixx;def;odl;idl;hpj;bat;asm;asmx</Extensions>
    </Filter>
    <Filter Include="Header Files">
      <UniqueIdentifier>{93995380-89BD-4b04-88EB-625FBE52EBFB}</UniqueIdentifier>
      <Extensions>h;hh;hpp;hxx;h++;hm;inl;inc;ipp;xsd</Extensions>
    </Filter>
    <Filter Include="Resource Files">
      <UniqueIdentifier>{67DA6AB6-F800-4c08-8B7A-83BB121AAD01}</UniqueIdentifier>
      <Extensions>rc;ico;cur;bmp;dlg;rc2;rct;bin;rgs;gif;jpg;jpeg;jpe;resx;tiff;tif;png;wav;mfcribbon-ms</Extensions>
    </Filter>
    <Filter Include="Source Files\Components">
      <UniqueIdentifier>{7903291e-edc8-466d-b185-d6f82dd4c0ad}</UniqueIdentifier>
    </Filter>
    <Filter Include="Source Files\Components\PyramidComponent">
      <UniqueIdentifier>{64f2b9b9-c391-4aca-a4f0-227db44a358c}</UniqueIdentifier>
    </Filter>
    <Filter Include="Source Files\Components\TileFactoryComponent">
      <UniqueIdentifier>{c49f96b4-7453-4352-abc5-8ac542121d4b}</UniqueIdentifier>
    </Filter>
    <Filter Include="Source Files\Components\TileComponent">
      <UniqueIdentifier>{c8ce2579-f643-4158-8157-7aa4cadb57ac}</UniqueIdentifier>
    </Filter>
    <Filter Include="Source Files\Components\QbertMovementComponent">
      <UniqueIdentifier>{5d1c5731-4471-4422-8439-a45031b37a55}</UniqueIdentifier>
    </Filter>
  </ItemGroup>
  <ItemGroup>
    <ClCompile Include="Qbert.cpp">
      <Filter>Source Files</Filter>
    </ClCompile>
    <ClCompile Include="Qbert_MainGame.cpp">
      <Filter>Source Files</Filter>
    </ClCompile>
    <ClCompile Include="PyramidComponent.cpp">
      <Filter>Source Files\Components\PyramidComponent</Filter>
    </ClCompile>
    <ClCompile Include="TileFactoryComponent.cpp">
      <Filter>Source Files\Components\TileFactoryComponent</Filter>
    </ClCompile>
    <ClCompile Include="TileComponent.cpp">
      <Filter>Source Files\Components\TileComponent</Filter>
    </ClCompile>
    <ClCompile Include="QbertMovementComponent.cpp">
      <Filter>Source Files</Filter>
    </ClCompile>
  </ItemGroup>
  <ItemGroup>
    <ClInclude Include="Qbert_MainGame.h">
      <Filter>Source Files</Filter>
    </ClInclude>
    <ClInclude Include="PyramidComponent.h">
      <Filter>Source Files\Components\PyramidComponent</Filter>
    </ClInclude>
    <ClInclude Include="TileFactoryComponent.h">
      <Filter>Source Files\Components\TileFactoryComponent</Filter>
    </ClInclude>
    <ClInclude Include="TileComponent.h">
      <Filter>Source Files\Components\TileComponent</Filter>
    </ClInclude>
    <ClInclude Include="QbertMovementComponent.h">
      <Filter>Header Files</Filter>
    </ClInclude>
  </ItemGroup>
</Project>