<?xml version="1.0" encoding="utf-8"?>
<Project ToolsVersion="4.0" xmlns="http://schemas.microsoft.com/developer/msbuild/2003">
  <ItemGroup>
    <Filter Include="Source Files">
      <UniqueIdentifier>{4FC737F1-C7A5-4376-A066-2A32D752A2FF}</UniqueIdentifier>
      <Extensions>cpp;c;cc;cxx;c++;cppm;ixx;def;odl;idl;hpj;bat;asm;asmx</Extensions>
    </Filter>
    <Filter Include="Header Files">
      <UniqueIdentifier>{93995380-89BD-4b04-88EB-625FBE52EBFB}</UniqueIdentifier>
      <Extensions>h;hh;hpp;hxx;h++;hm;inl;inc;ipp;xsd</Extensions>
    </Filter>
    <Filter Include="Resource Files">
      <UniqueIdentifier>{67DA6AB6-F800-4c08-8B7A-83BB121AAD01}</UniqueIdentifier>
      <Extensions>rc;ico;cur;bmp;dlg;rc2;rct;bin;rgs;gif;jpg;jpeg;jpe;resx;tiff;tif;png;wav;mfcribbon-ms</Extensions>
    </Filter>
    <Filter Include="Source Files\Components">
      <UniqueIdentifier>{7903291e-edc8-466d-b185-d6f82dd4c0ad}</UniqueIdentifier>
    </Filter>
    <Filter Include="Source Files\Components\PyramidComponent">
      <UniqueIdentifier>{64f2b9b9-c391-4aca-a4f0-227db44a358c}</UniqueIdentifier>
    </Filter>
    <Filter Include="Source Files\Components\TileFactoryComponent">
      <UniqueIdentifier>{c49f96b4-7453-4352-abc5-8ac542121d4b}</UniqueIdentifier>
    </Filter>
    <Filter Include="Source Files\Components\TileComponent">
      <UniqueIdentifier>{c8ce2579-f643-4158-8157-7aa4cadb57ac}</UniqueIdentifier>
    </Filter>
    <Filter Include="Source Files\Components\QbertMovementComponent">
      <UniqueIdentifier>{5d1c5731-4471-4422-8439-a45031b37a55}</UniqueIdentifier>
    </Filter>
    <Filter Include="Source Files\Components\QbertSpriteComponent">
      <UniqueIdentifier>{2a1ff629-b3b2-4605-b36b-09198a27d93a}</UniqueIdentifier>
    </Filter>
    <Filter Include="Source Files\Components\TeleportationPadComponent">
      <UniqueIdentifier>{8b9a2a36-12cf-411e-b668-b00139b6ca3a}</UniqueIdentifier>
    </Filter>
    <Filter Include="Source Files\Components\BallSpawnerComponent">
      <UniqueIdentifier>{e7169bd4-8eaf-4d54-b39a-6d2ab6212cf0}</UniqueIdentifier>
    </Filter>
    <Filter Include="Source Files\Components\BallMovementComponent">
      <UniqueIdentifier>{0fdfac9a-134f-43d9-955f-53bf84d9d221}</UniqueIdentifier>
    </Filter>
    <Filter Include="Source Files\StateMachines">
      <UniqueIdentifier>{6f8aed7d-b714-408e-b93e-db038675a1ba}</UniqueIdentifier>
    </Filter>
    <Filter Include="Source Files\StateMachines\TileFSM">
      <UniqueIdentifier>{3d7dbe82-4bc7-4d34-8d16-29b34a524cbe}</UniqueIdentifier>
    </Filter>
    <Filter Include="Source Files\Components\QbertCollisionComponent">
      <UniqueIdentifier>{d6cef98b-0b7a-42ca-96d5-756071326d46}</UniqueIdentifier>
    </Filter>
    <Filter Include="Source Files\StateMachines\CoilyFSM">
      <UniqueIdentifier>{54c439e0-552b-4ea8-b12f-1973d261fcac}</UniqueIdentifier>
    </Filter>
    <Filter Include="Source Files\Components\QbertGraphComponent">
      <UniqueIdentifier>{e326d46b-43da-4389-b328-ba376379f4e2}</UniqueIdentifier>
    </Filter>
    <Filter Include="Source Files\StateMachines\QbertFSM">
      <UniqueIdentifier>{3b3ead35-9d6f-42d6-b7b0-f57f03b0757f}</UniqueIdentifier>
    </Filter>
    <Filter Include="Source Files\Apps">
      <UniqueIdentifier>{8e9b308a-60fa-47ce-8554-79c29fc731a8}</UniqueIdentifier>
    </Filter>
  </ItemGroup>
  <ItemGroup>
    <ClCompile Include="Qbert.cpp">
      <Filter>Source Files</Filter>
    </ClCompile>
    <ClCompile Include="PyramidComponent.cpp">
      <Filter>Source Files\Components\PyramidComponent</Filter>
    </ClCompile>
    <ClCompile Include="TileFactoryComponent.cpp">
      <Filter>Source Files\Components\TileFactoryComponent</Filter>
    </ClCompile>
    <ClCompile Include="TileComponent.cpp">
      <Filter>Source Files\Components\TileComponent</Filter>
    </ClCompile>
    <ClCompile Include="QbertMovementComponent.cpp">
      <Filter>Source Files\Components\QbertMovementComponent</Filter>
    </ClCompile>
    <ClCompile Include="TeleportationPadComponent.cpp">
      <Filter>Source Files\Components\TeleportationPadComponent</Filter>
    </ClCompile>
    <ClCompile Include="QbertSpriteComponent.cpp">
      <Filter>Source Files\Components\QbertSpriteComponent</Filter>
    </ClCompile>
    <ClCompile Include="BallSpawnerComponent.cpp">
      <Filter>Source Files\Components\BallSpawnerComponent</Filter>
    </ClCompile>
    <ClCompile Include="BallMovementComponent.cpp">
      <Filter>Source Files\Components\BallMovementComponent</Filter>
    </ClCompile>
    <ClCompile Include="TileFSM.cpp">
      <Filter>Source Files\StateMachines\TileFSM</Filter>
    </ClCompile>
    <ClCompile Include="QbertCollisionComponent.cpp">
      <Filter>Source Files\Components\QbertCollisionComponent</Filter>
    </ClCompile>
    <ClCompile Include="CoilyFSM.cpp">
      <Filter>Source Files\StateMachines\CoilyFSM</Filter>
    </ClCompile>
    <ClCompile Include="QbertGraphComponent.cpp">
      <Filter>Source Files\Components\QbertGraphComponent</Filter>
    </ClCompile>
    <ClCompile Include="QbertFSM.cpp">
      <Filter>Source Files\StateMachines\QbertFSM</Filter>
    </ClCompile>
    <ClCompile Include="Qbert_MainGame.cpp">
      <Filter>Source Files\Apps</Filter>
    </ClCompile>
  </ItemGroup>
  <ItemGroup>
    <ClInclude Include="PyramidComponent.h">
      <Filter>Source Files\Components\PyramidComponent</Filter>
    </ClInclude>
    <ClInclude Include="TileFactoryComponent.h">
      <Filter>Source Files\Components\TileFactoryComponent</Filter>
    </ClInclude>
    <ClInclude Include="TileComponent.h">
      <Filter>Source Files\Components\TileComponent</Filter>
    </ClInclude>
    <ClInclude Include="QbertMovementComponent.h">
      <Filter>Source Files\Components\QbertMovementComponent</Filter>
    </ClInclude>
    <ClInclude Include="TeleportationPadComponent.h">
      <Filter>Source Files\Components\TeleportationPadComponent</Filter>
    </ClInclude>
    <ClInclude Include="QbertSpriteComponent.h">
      <Filter>Source Files\Components\QbertSpriteComponent</Filter>
    </ClInclude>
    <ClInclude Include="BallSpawnerComponent.h">
      <Filter>Source Files\Components\BallSpawnerComponent</Filter>
    </ClInclude>
    <ClInclude Include="BallMovementComponent.h">
      <Filter>Source Files\Components\BallMovementComponent</Filter>
    </ClInclude>
    <ClInclude Include="TileFSM.h">
      <Filter>Source Files\StateMachines\TileFSM</Filter>
    </ClInclude>
    <ClInclude Include="QbertCollisionComponent.h">
      <Filter>Source Files\Components\QbertCollisionComponent</Filter>
    </ClInclude>
    <ClInclude Include="CoilyFSM.h">
      <Filter>Source Files\StateMachines\CoilyFSM</Filter>
    </ClInclude>
    <ClInclude Include="QbertGraphComponent.h">
      <Filter>Source Files\Components\QbertGraphComponent</Filter>
    </ClInclude>
    <ClInclude Include="QbertFSM.h">
      <Filter>Source Files\StateMachines\QbertFSM</Filter>
    </ClInclude>
    <ClInclude Include="Qbert_MainGame.h">
      <Filter>Source Files\Apps</Filter>
    </ClInclude>
  </ItemGroup>
</Project>